// !$*UTF8*$!
{
	archiveVersion = 1;
	classes = {
	};
	objectVersion = 50;
	objects = {

/* Begin PBXBuildFile section */
		04901BC2228018AA001630BA /* AppDelegate.m in Sources */ = {isa = PBXBuildFile; fileRef = 04901BC1228018AA001630BA /* AppDelegate.m */; };
		04901BC5228018AA001630BA /* ViewController.m in Sources */ = {isa = PBXBuildFile; fileRef = 04901BC4228018AA001630BA /* ViewController.m */; };
		04901BC8228018AA001630BA /* Main.storyboard in Resources */ = {isa = PBXBuildFile; fileRef = 04901BC6228018AA001630BA /* Main.storyboard */; };
		04901BCA228018AF001630BA /* Assets.xcassets in Resources */ = {isa = PBXBuildFile; fileRef = 04901BC9228018AF001630BA /* Assets.xcassets */; };
		04901BCD228018AF001630BA /* LaunchScreen.storyboard in Resources */ = {isa = PBXBuildFile; fileRef = 04901BCB228018AF001630BA /* LaunchScreen.storyboard */; };
		04901BD0228018AF001630BA /* main.m in Sources */ = {isa = PBXBuildFile; fileRef = 04901BCF228018AF001630BA /* main.m */; };
		04901BDA228018B0001630BA /* GWLPodTestTests.m in Sources */ = {isa = PBXBuildFile; fileRef = 04901BD9228018B0001630BA /* GWLPodTestTests.m */; };
		04901BE5228018B0001630BA /* GWLPodTestUITests.m in Sources */ = {isa = PBXBuildFile; fileRef = 04901BE4228018B0001630BA /* GWLPodTestUITests.m */; };
		04901BF5228018CC001630BA /* GWLTestView.m in Sources */ = {isa = PBXBuildFile; fileRef = 04901BF4228018CC001630BA /* GWLTestView.m */; };
/* End PBXBuildFile section */

/* Begin PBXContainerItemProxy section */
		04901BD6228018B0001630BA /* PBXContainerItemProxy */ = {
			isa = PBXContainerItemProxy;
			containerPortal = 04901BB5228018AA001630BA /* Project object */;
			proxyType = 1;
			remoteGlobalIDString = 04901BBC228018AA001630BA;
			remoteInfo = GWLPodTest;
		};
		04901BE1228018B0001630BA /* PBXContainerItemProxy */ = {
			isa = PBXContainerItemProxy;
			containerPortal = 04901BB5228018AA001630BA /* Project object */;
			proxyType = 1;
			remoteGlobalIDString = 04901BBC228018AA001630BA;
			remoteInfo = GWLPodTest;
		};
/* End PBXContainerItemProxy section */

/* Begin PBXFileReference section */
		04901BBD228018AA001630BA /* GWLPodTest.app */ = {isa = PBXFileReference; explicitFileType = wrapper.application; includeInIndex = 0; path = GWLPodTest.app; sourceTree = BUILT_PRODUCTS_DIR; };
		04901BC0228018AA001630BA /* AppDelegate.h */ = {isa = PBXFileReference; lastKnownFileType = sourcecode.c.h; path = AppDelegate.h; sourceTree = "<group>"; };
		04901BC1228018AA001630BA /* AppDelegate.m */ = {isa = PBXFileReference; lastKnownFileType = sourcecode.c.objc; path = AppDelegate.m; sourceTree = "<group>"; };
		04901BC3228018AA001630BA /* ViewController.h */ = {isa = PBXFileReference; lastKnownFileType = sourcecode.c.h; path = ViewController.h; sourceTree = "<group>"; };
		04901BC4228018AA001630BA /* ViewController.m */ = {isa = PBXFileReference; lastKnownFileType = sourcecode.c.objc; path = ViewController.m; sourceTree = "<group>"; };
		04901BC7228018AA001630BA /* Base */ = {isa = PBXFileReference; lastKnownFileType = file.storyboard; name = Base; path = Base.lproj/Main.storyboard; sourceTree = "<group>"; };
		04901BC9228018AF001630BA /* Assets.xcassets */ = {isa = PBXFileReference; lastKnownFileType = folder.assetcatalog; path = Assets.xcassets; sourceTree = "<group>"; };
		04901BCC228018AF001630BA /* Base */ = {isa = PBXFileReference; lastKnownFileType = file.storyboard; name = Base; path = Base.lproj/LaunchScreen.storyboard; sourceTree = "<group>"; };
		04901BCE228018AF001630BA /* Info.plist */ = {isa = PBXFileReference; lastKnownFileType = text.plist.xml; path = Info.plist; sourceTree = "<group>"; };
		04901BCF228018AF001630BA /* main.m */ = {isa = PBXFileReference; lastKnownFileType = sourcecode.c.objc; path = main.m; sourceTree = "<group>"; };
		04901BD5228018B0001630BA /* GWLPodTestTests.xctest */ = {isa = PBXFileReference; explicitFileType = wrapper.cfbundle; includeInIndex = 0; path = GWLPodTestTests.xctest; sourceTree = BUILT_PRODUCTS_DIR; };
		04901BD9228018B0001630BA /* GWLPodTestTests.m */ = {isa = PBXFileReference; lastKnownFileType = sourcecode.c.objc; path = GWLPodTestTests.m; sourceTree = "<group>"; };
		04901BDB228018B0001630BA /* Info.plist */ = {isa = PBXFileReference; lastKnownFileType = text.plist.xml; path = Info.plist; sourceTree = "<group>"; };
		04901BE0228018B0001630BA /* GWLPodTestUITests.xctest */ = {isa = PBXFileReference; explicitFileType = wrapper.cfbundle; includeInIndex = 0; path = GWLPodTestUITests.xctest; sourceTree = BUILT_PRODUCTS_DIR; };
		04901BE4228018B0001630BA /* GWLPodTestUITests.m */ = {isa = PBXFileReference; lastKnownFileType = sourcecode.c.objc; path = GWLPodTestUITests.m; sourceTree = "<group>"; };
		04901BE6228018B0001630BA /* Info.plist */ = {isa = PBXFileReference; lastKnownFileType = text.plist.xml; path = Info.plist; sourceTree = "<group>"; };
		04901BF3228018CC001630BA /* GWLTestView.h */ = {isa = PBXFileReference; lastKnownFileType = sourcecode.c.h; path = GWLTestView.h; sourceTree = "<group>"; };
		04901BF4228018CC001630BA /* GWLTestView.m */ = {isa = PBXFileReference; lastKnownFileType = sourcecode.c.objc; path = GWLTestView.m; sourceTree = "<group>"; };
/* End PBXFileReference section */

/* Begin PBXFrameworksBuildPhase section */
		04901BBA228018AA001630BA /* Frameworks */ = {
			isa = PBXFrameworksBuildPhase;
			buildActionMask = 2147483647;
			files = (
			);
			runOnlyForDeploymentPostprocessing = 0;
		};
		04901BD2228018B0001630BA /* Frameworks */ = {
			isa = PBXFrameworksBuildPhase;
			buildActionMask = 2147483647;
			files = (
			);
			runOnlyForDeploymentPostprocessing = 0;
		};
		04901BDD228018B0001630BA /* Frameworks */ = {
			isa = PBXFrameworksBuildPhase;
			buildActionMask = 2147483647;
			files = (
			);
			runOnlyForDeploymentPostprocessing = 0;
		};
/* End PBXFrameworksBuildPhase section */

/* Begin PBXGroup section */
		04901BB4228018AA001630BA = {
			isa = PBXGroup;
			children = (
				04901BBF228018AA001630BA /* GWLPodTest */,
				04901BD8228018B0001630BA /* GWLPodTestTests */,
				04901BE3228018B0001630BA /* GWLPodTestUITests */,
				04901BBE228018AA001630BA /* Products */,
			);
			sourceTree = "<group>";
		};
		04901BBE228018AA001630BA /* Products */ = {
			isa = PBXGroup;
			children = (
				04901BBD228018AA001630BA /* GWLPodTest.app */,
				04901BD5228018B0001630BA /* GWLPodTestTests.xctest */,
				04901BE0228018B0001630BA /* GWLPodTestUITests.xctest */,
			);
			name = Products;
			sourceTree = "<group>";
		};
		04901BBF228018AA001630BA /* GWLPodTest */ = {
			isa = PBXGroup;
			children = (
				04901BF2228018B5001630BA /* Classes */,
				04901BC0228018AA001630BA /* AppDelegate.h */,
				04901BC1228018AA001630BA /* AppDelegate.m */,
				04901BC3228018AA001630BA /* ViewController.h */,
				04901BC4228018AA001630BA /* ViewController.m */,
				04901BC6228018AA001630BA /* Main.storyboard */,
				04901BC9228018AF001630BA /* Assets.xcassets */,
				04901BCB228018AF001630BA /* LaunchScreen.storyboard */,
				04901BCE228018AF001630BA /* Info.plist */,
				04901BCF228018AF001630BA /* main.m */,
			);
			path = GWLPodTest;
			sourceTree = "<group>";
		};
		04901BD8228018B0001630BA /* GWLPodTestTests */ = {
			isa = PBXGroup;
			children = (
				04901BD9228018B0001630BA /* GWLPodTestTests.m */,
				04901BDB228018B0001630BA /* Info.plist */,
			);
			path = GWLPodTestTests;
			sourceTree = "<group>";
		};
		04901BE3228018B0001630BA /* GWLPodTestUITests */ = {
			isa = PBXGroup;
			children = (
				04901BE4228018B0001630BA /* GWLPodTestUITests.m */,
				04901BE6228018B0001630BA /* Info.plist */,
			);
			path = GWLPodTestUITests;
			sourceTree = "<group>";
		};
		04901BF2228018B5001630BA /* Classes */ = {
			isa = PBXGroup;
			children = (
				04901BF3228018CC001630BA /* GWLTestView.h */,
				04901BF4228018CC001630BA /* GWLTestView.m */,
			);
			path = Classes;
			sourceTree = "<group>";
		};
/* End PBXGroup section */

/* Begin PBXNativeTarget section */
		04901BBC228018AA001630BA /* GWLPodTest */ = {
			isa = PBXNativeTarget;
			buildConfigurationList = 04901BE9228018B0001630BA /* Build configuration list for PBXNativeTarget "GWLPodTest" */;
			buildPhases = (
				04901BB9228018AA001630BA /* Sources */,
				04901BBA228018AA001630BA /* Frameworks */,
				04901BBB228018AA001630BA /* Resources */,
			);
			buildRules = (
			);
			dependencies = (
			);
			name = GWLPodTest;
			productName = GWLPodTest;
			productReference = 04901BBD228018AA001630BA /* GWLPodTest.app */;
			productType = "com.apple.product-type.application";
		};
		04901BD4228018B0001630BA /* GWLPodTestTests */ = {
			isa = PBXNativeTarget;
			buildConfigurationList = 04901BEC228018B0001630BA /* Build configuration list for PBXNativeTarget "GWLPodTestTests" */;
			buildPhases = (
				04901BD1228018B0001630BA /* Sources */,
				04901BD2228018B0001630BA /* Frameworks */,
				04901BD3228018B0001630BA /* Resources */,
			);
			buildRules = (
			);
			dependencies = (
				04901BD7228018B0001630BA /* PBXTargetDependency */,
			);
			name = GWLPodTestTests;
			productName = GWLPodTestTests;
			productReference = 04901BD5228018B0001630BA /* GWLPodTestTests.xctest */;
			productType = "com.apple.product-type.bundle.unit-test";
		};
		04901BDF228018B0001630BA /* GWLPodTestUITests */ = {
			isa = PBXNativeTarget;
			buildConfigurationList = 04901BEF228018B0001630BA /* Build configuration list for PBXNativeTarget "GWLPodTestUITests" */;
			buildPhases = (
				04901BDC228018B0001630BA /* Sources */,
				04901BDD228018B0001630BA /* Frameworks */,
				04901BDE228018B0001630BA /* Resources */,
			);
			buildRules = (
			);
			dependencies = (
				04901BE2228018B0001630BA /* PBXTargetDependency */,
			);
			name = GWLPodTestUITests;
			productName = GWLPodTestUITests;
			productReference = 04901BE0228018B0001630BA /* GWLPodTestUITests.xctest */;
			productType = "com.apple.product-type.bundle.ui-testing";
		};
/* End PBXNativeTarget section */

/* Begin PBXProject section */
		04901BB5228018AA001630BA /* Project object */ = {
			isa = PBXProject;
			attributes = {
				LastUpgradeCheck = 1020;
				ORGANIZATIONNAME = MAC;
				TargetAttributes = {
					04901BBC228018AA001630BA = {
						CreatedOnToolsVersion = 10.2.1;
					};
					04901BD4228018B0001630BA = {
						CreatedOnToolsVersion = 10.2.1;
						TestTargetID = 04901BBC228018AA001630BA;
					};
					04901BDF228018B0001630BA = {
						CreatedOnToolsVersion = 10.2.1;
						TestTargetID = 04901BBC228018AA001630BA;
					};
				};
			};
			buildConfigurationList = 04901BB8228018AA001630BA /* Build configuration list for PBXProject "GWLPodTest" */;
			compatibilityVersion = "Xcode 9.3";
			developmentRegion = en;
			hasScannedForEncodings = 0;
			knownRegions = (
				en,
				Base,
			);
			mainGroup = 04901BB4228018AA001630BA;
			productRefGroup = 04901BBE228018AA001630BA /* Products */;
			projectDirPath = "";
			projectRoot = "";
			targets = (
				04901BBC228018AA001630BA /* GWLPodTest */,
				04901BD4228018B0001630BA /* GWLPodTestTests */,
				04901BDF228018B0001630BA /* GWLPodTestUITests */,
			);
		};
/* End PBXProject section */

/* Begin PBXResourcesBuildPhase section */
		04901BBB228018AA001630BA /* Resources */ = {
			isa = PBXResourcesBuildPhase;
			buildActionMask = 2147483647;
			files = (
				04901BCD228018AF001630BA /* LaunchScreen.storyboard in Resources */,
				04901BCA228018AF001630BA /* Assets.xcassets in Resources */,
				04901BC8228018AA001630BA /* Main.storyboard in Resources */,
			);
			runOnlyForDeploymentPostprocessing = 0;
		};
		04901BD3228018B0001630BA /* Resources */ = {
			isa = PBXResourcesBuildPhase;
			buildActionMask = 2147483647;
			files = (
			);
			runOnlyForDeploymentPostprocessing = 0;
		};
		04901BDE228018B0001630BA /* Resources */ = {
			isa = PBXResourcesBuildPhase;
			buildActionMask = 2147483647;
			files = (
			);
			runOnlyForDeploymentPostprocessing = 0;
		};
/* End PBXResourcesBuildPhase section */

/* Begin PBXSourcesBuildPhase section */
		04901BB9228018AA001630BA /* Sources */ = {
			isa = PBXSourcesBuildPhase;
			buildActionMask = 2147483647;
			files = (
				04901BC5228018AA001630BA /* ViewController.m in Sources */,
				04901BF5228018CC001630BA /* GWLTestView.m in Sources */,
				04901BD0228018AF001630BA /* main.m in Sources */,
				04901BC2228018AA001630BA /* AppDelegate.m in Sources */,
			);
			runOnlyForDeploymentPostprocessing = 0;
		};
		04901BD1228018B0001630BA /* Sources */ = {
			isa = PBXSourcesBuildPhase;
			buildActionMask = 2147483647;
			files = (
				04901BDA228018B0001630BA /* GWLPodTestTests.m in Sources */,
			);
			runOnlyForDeploymentPostprocessing = 0;
		};
		04901BDC228018B0001630BA /* Sources */ = {
			isa = PBXSourcesBuildPhase;
			buildActionMask = 2147483647;
			files = (
				04901BE5228018B0001630BA /* GWLPodTestUITests.m in Sources */,
			);
			runOnlyForDeploymentPostprocessing = 0;
		};
/* End PBXSourcesBuildPhase section */

/* Begin PBXTargetDependency section */
		04901BD7228018B0001630BA /* PBXTargetDependency */ = {
			isa = PBXTargetDependency;
			target = 04901BBC228018AA001630BA /* GWLPodTest */;
			targetProxy = 04901BD6228018B0001630BA /* PBXContainerItemProxy */;
		};
		04901BE2228018B0001630BA /* PBXTargetDependency */ = {
			isa = PBXTargetDependency;
			target = 04901BBC228018AA001630BA /* GWLPodTest */;
			targetProxy = 04901BE1228018B0001630BA /* PBXContainerItemProxy */;
		};
/* End PBXTargetDependency section */

/* Begin PBXVariantGroup section */
		04901BC6228018AA001630BA /* Main.storyboard */ = {
			isa = PBXVariantGroup;
			children = (
				04901BC7228018AA001630BA /* Base */,
			);
			name = Main.storyboard;
			sourceTree = "<group>";
		};
		04901BCB228018AF001630BA /* LaunchScreen.storyboard */ = {
			isa = PBXVariantGroup;
			children = (
				04901BCC228018AF001630BA /* Base */,
			);
			name = LaunchScreen.storyboard;
			sourceTree = "<group>";
		};
/* End PBXVariantGroup section */

/* Begin XCBuildConfiguration section */
		04901BE7228018B0001630BA /* Debug */ = {
			isa = XCBuildConfiguration;
			buildSettings = {
				ALWAYS_SEARCH_USER_PATHS = NO;
				CLANG_ANALYZER_NONNULL = YES;
				CLANG_ANALYZER_NUMBER_OBJECT_CONVERSION = YES_AGGRESSIVE;
				CLANG_CXX_LANGUAGE_STANDARD = "gnu++14";
				CLANG_CXX_LIBRARY = "libc++";
				CLANG_ENABLE_MODULES = YES;
				CLANG_ENABLE_OBJC_ARC = YES;
				CLANG_ENABLE_OBJC_WEAK = YES;
				CLANG_WARN_BLOCK_CAPTURE_AUTORELEASING = YES;
				CLANG_WARN_BOOL_CONVERSION = YES;
				CLANG_WARN_COMMA = YES;
				CLANG_WARN_CONSTANT_CONVERSION = YES;
				CLANG_WARN_DEPRECATED_OBJC_IMPLEMENTATIONS = YES;
				CLANG_WARN_DIRECT_OBJC_ISA_USAGE = YES_ERROR;
				CLANG_WARN_DOCUMENTATION_COMMENTS = YES;
				CLANG_WARN_EMPTY_BODY = YES;
				CLANG_WARN_ENUM_CONVERSION = YES;
				CLANG_WARN_INFINITE_RECURSION = YES;
				CLANG_WARN_INT_CONVERSION = YES;
				CLANG_WARN_NON_LITERAL_NULL_CONVERSION = YES;
				CLANG_WARN_OBJC_IMPLICIT_RETAIN_SELF = YES;
				CLANG_WARN_OBJC_LITERAL_CONVERSION = YES;
				CLANG_WARN_OBJC_ROOT_CLASS = YES_ERROR;
				CLANG_WARN_RANGE_LOOP_ANALYSIS = YES;
				CLANG_WARN_STRICT_PROTOTYPES = YES;
				CLANG_WARN_SUSPICIOUS_MOVE = YES;
				CLANG_WARN_UNGUARDED_AVAILABILITY = YES_AGGRESSIVE;
				CLANG_WARN_UNREACHABLE_CODE = YES;
				CLANG_WARN__DUPLICATE_METHOD_MATCH = YES;
				CODE_SIGN_IDENTITY = "iPhone Developer";
				COPY_PHASE_STRIP = NO;
				DEBUG_INFORMATION_FORMAT = dwarf;
				ENABLE_STRICT_OBJC_MSGSEND = YES;
				ENABLE_TESTABILITY = YES;
				GCC_C_LANGUAGE_STANDARD = gnu11;
				GCC_DYNAMIC_NO_PIC = NO;
				GCC_NO_COMMON_BLOCKS = YES;
				GCC_OPTIMIZATION_LEVEL = 0;
				GCC_PREPROCESSOR_DEFINITIONS = (
					"DEBUG=1",
					"$(inherited)",
				);
				GCC_WARN_64_TO_32_BIT_CONVERSION = YES;
				GCC_WARN_ABOUT_RETURN_TYPE = YES_ERROR;
				GCC_WARN_UNDECLARED_SELECTOR = YES;
				GCC_WARN_UNINITIALIZED_AUTOS = YES_AGGRESSIVE;
				GCC_WARN_UNUSED_FUNCTION = YES;
				GCC_WARN_UNUSED_VARIABLE = YES;
				IPHONEOS_DEPLOYMENT_TARGET = 12.2;
				MTL_ENABLE_DEBUG_INFO = INCLUDE_SOURCE;
				MTL_FAST_MATH = YES;
				ONLY_ACTIVE_ARCH = YES;
				SDKROOT = iphoneos;
			};
			name = Debug;
		};
		04901BE8228018B0001630BA /* Release */ = {
			isa = XCBuildConfiguration;
			buildSettings = {
				ALWAYS_SEARCH_USER_PATHS = NO;
				CLANG_ANALYZER_NONNULL = YES;
				CLANG_ANALYZER_NUMBER_OBJECT_CONVERSION = YES_AGGRESSIVE;
				CLANG_CXX_LANGUAGE_STANDARD = "gnu++14";
				CLANG_CXX_LIBRARY = "libc++";
				CLANG_ENABLE_MODULES = YES;
				CLANG_ENABLE_OBJC_ARC = YES;
				CLANG_ENABLE_OBJC_WEAK = YES;
				CLANG_WARN_BLOCK_CAPTURE_AUTORELEASING = YES;
				CLANG_WARN_BOOL_CONVERSION = YES;
				CLANG_WARN_COMMA = YES;
				CLANG_WARN_CONSTANT_CONVERSION = YES;
				CLANG_WARN_DEPRECATED_OBJC_IMPLEMENTATIONS = YES;
				CLANG_WARN_DIRECT_OBJC_ISA_USAGE = YES_ERROR;
				CLANG_WARN_DOCUMENTATION_COMMENTS = YES;
				CLANG_WARN_EMPTY_BODY = YES;
				CLANG_WARN_ENUM_CONVERSION = YES;
				CLANG_WARN_INFINITE_RECURSION = YES;
				CLANG_WARN_INT_CONVERSION = YES;
				CLANG_WARN_NON_LITERAL_NULL_CONVERSION = YES;
				CLANG_WARN_OBJC_IMPLICIT_RETAIN_SELF = YES;
				CLANG_WARN_OBJC_LITERAL_CONVERSION = YES;
				CLANG_WARN_OBJC_ROOT_CLASS = YES_ERROR;
				CLANG_WARN_RANGE_LOOP_ANALYSIS = YES;
				CLANG_WARN_STRICT_PROTOTYPES = YES;
				CLANG_WARN_SUSPICIOUS_MOVE = YES;
				CLANG_WARN_UNGUARDED_AVAILABILITY = YES_AGGRESSIVE;
				CLANG_WARN_UNREACHABLE_CODE = YES;
				CLANG_WARN__DUPLICATE_METHOD_MATCH = YES;
				CODE_SIGN_IDENTITY = "iPhone Developer";
				COPY_PHASE_STRIP = NO;
				DEBUG_INFORMATION_FORMAT = "dwarf-with-dsym";
				ENABLE_NS_ASSERTIONS = NO;
				ENABLE_STRICT_OBJC_MSGSEND = YES;
				GCC_C_LANGUAGE_STANDARD = gnu11;
				GCC_NO_COMMON_BLOCKS = YES;
				GCC_WARN_64_TO_32_BIT_CONVERSION = YES;
				GCC_WARN_ABOUT_RETURN_TYPE = YES_ERROR;
				GCC_WARN_UNDECLARED_SELECTOR = YES;
				GCC_WARN_UNINITIALIZED_AUTOS = YES_AGGRESSIVE;
				GCC_WARN_UNUSED_FUNCTION = YES;
				GCC_WARN_UNUSED_VARIABLE = YES;
				IPHONEOS_DEPLOYMENT_TARGET = 12.2;
				MTL_ENABLE_DEBUG_INFO = NO;
				MTL_FAST_MATH = YES;
				SDKROOT = iphoneos;
				VALIDATE_PRODUCT = YES;
			};
			name = Release;
		};
		04901BEA228018B0001630BA /* Debug */ = {
			isa = XCBuildConfiguration;
			buildSettings = {
				ASSETCATALOG_COMPILER_APPICON_NAME = AppIcon;
				CODE_SIGN_STYLE = Automatic;
				INFOPLIST_FILE = GWLPodTest/Info.plist;
				LD_RUNPATH_SEARCH_PATHS = (
					"$(inherited)",
					"@executable_path/Frameworks",
				);
				PRODUCT_BUNDLE_IDENTIFIER = com.gwl.GWLPodTest;
				PRODUCT_NAME = "$(TARGET_NAME)";
				TARGETED_DEVICE_FAMILY = "1,2";
			};
			name = Debug;
		};
		04901BEB228018B0001630BA /* Release */ = {
			isa = XCBuildConfiguration;
			buildSettings = {
				ASSETCATALOG_COMPILER_APPICON_NAME = AppIcon;
				CODE_SIGN_STYLE = Automatic;
				INFOPLIST_FILE = GWLPodTest/Info.plist;
				LD_RUNPATH_SEARCH_PATHS = (
					"$(inherited)",
					"@executable_path/Frameworks",
				);
				PRODUCT_BUNDLE_IDENTIFIER = com.gwl.GWLPodTest;
				PRODUCT_NAME = "$(TARGET_NAME)";
				TARGETED_DEVICE_FAMILY = "1,2";
			};
			name = Release;
		};
		04901BED228018B0001630BA /* Debug */ = {
			isa = XCBuildConfiguration;
			buildSettings = {
				BUNDLE_LOADER = "$(TEST_HOST)";
				CODE_SIGN_STYLE = Automatic;
				INFOPLIST_FILE = GWLPodTestTests/Info.plist;
				LD_RUNPATH_SEARCH_PATHS = (
					"$(inherited)",
					"@executable_path/Frameworks",
					"@loader_path/Frameworks",
				);
				PRODUCT_BUNDLE_IDENTIFIER = com.gwl.GWLPodTestTests;
				PRODUCT_NAME = "$(TARGET_NAME)";
				TARGETED_DEVICE_FAMILY = "1,2";
				TEST_HOST = "$(BUILT_PRODUCTS_DIR)/GWLPodTest.app/GWLPodTest";
			};
			name = Debug;
		};
		04901BEE228018B0001630BA /* Release */ = {
			isa = XCBuildConfiguration;
			buildSettings = {
				BUNDLE_LOADER = "$(TEST_HOST)";
				CODE_SIGN_STYLE = Automatic;
				INFOPLIST_FILE = GWLPodTestTests/Info.plist;
				LD_RUNPATH_SEARCH_PATHS = (
					"$(inherited)",
					"@executable_path/Frameworks",
					"@loader_path/Frameworks",
				);
				PRODUCT_BUNDLE_IDENTIFIER = com.gwl.GWLPodTestTests;
				PRODUCT_NAME = "$(TARGET_NAME)";
				TARGETED_DEVICE_FAMILY = "1,2";
				TEST_HOST = "$(BUILT_PRODUCTS_DIR)/GWLPodTest.app/GWLPodTest";
			};
			name = Release;
		};
		04901BF0228018B0001630BA /* Debug */ = {
			isa = XCBuildConfiguration;
			buildSettings = {
				CODE_SIGN_STYLE = Automatic;
				INFOPLIST_FILE = GWLPodTestUITests/Info.plist;
				LD_RUNPATH_SEARCH_PATHS = (
					"$(inherited)",
					"@executable_path/Frameworks",
					"@loader_path/Frameworks",
				);
				PRODUCT_BUNDLE_IDENTIFIER = com.gwl.GWLPodTestUITests;
				PRODUCT_NAME = "$(TARGET_NAME)";
				TARGETED_DEVICE_FAMILY = "1,2";
				TEST_TARGET_NAME = GWLPodTest;
			};
			name = Debug;
		};
		04901BF1228018B0001630BA /* Release */ = {
			isa = XCBuildConfiguration;
			buildSettings = {
				CODE_SIGN_STYLE = Automatic;
				INFOPLIST_FILE = GWLPodTestUITests/Info.plist;
				LD_RUNPATH_SEARCH_PATHS = (
					"$(inherited)",
					"@executable_path/Frameworks",
					"@loader_path/Frameworks",
				);
				PRODUCT_BUNDLE_IDENTIFIER = com.gwl.GWLPodTestUITests;
				PRODUCT_NAME = "$(TARGET_NAME)";
				TARGETED_DEVICE_FAMILY = "1,2";
				TEST_TARGET_NAME = GWLPodTest;
			};
			name = Release;
		};
/* End XCBuildConfiguration section */

/* Begin XCConfigurationList section */
		04901BB8228018AA001630BA /* Build configuration list for PBXProject "GWLPodTest" */ = {
			isa = XCConfigurationList;
			buildConfigurations = (
				04901BE7228018B0001630BA /* Debug */,
				04901BE8228018B0001630BA /* Release */,
			);
			defaultConfigurationIsVisible = 0;
			defaultConfigurationName = Release;
		};
		04901BE9228018B0001630BA /* Build configuration list for PBXNativeTarget "GWLPodTest" */ = {
			isa = XCConfigurationList;
			buildConfigurations = (
				04901BEA228018B0001630BA /* Debug */,
				04901BEB228018B0001630BA /* Release */,
			);
			defaultConfigurationIsVisible = 0;
			defaultConfigurationName = Release;
		};
		04901BEC228018B0001630BA /* Build configuration list for PBXNativeTarget "GWLPodTestTests" */ = {
			isa = XCConfigurationList;
			buildConfigurations = (
				04901BED228018B0001630BA /* Debug */,
				04901BEE228018B0001630BA /* Release */,
			);
			defaultConfigurationIsVisible = 0;
			defaultConfigurationName = Release;
		};
		04901BEF228018B0001630BA /* Build configuration list for PBXNativeTarget "GWLPodTestUITests" */ = {
			isa = XCConfigurationList;
			buildConfigurations = (
				04901BF0228018B0001630BA /* Debug */,
				04901BF1228018B0001630BA /* Release */,
			);
			defaultConfigurationIsVisible = 0;
			defaultConfigurationName = Release;
		};
/* End XCConfigurationList section */
	};
	rootObject = 04901BB5228018AA001630BA /* Project object */;
}
